// !$*UTF8*$!
{
	archiveVersion = 1;
	classes = {
	};
	objectVersion = 46;
	objects = {

/* Begin PBXBuildFile section */
		41A0E730183103CC003ED0B6 /* Foundation.framework in Frameworks */ = {isa = PBXBuildFile; fileRef = 41A0E72F183103CC003ED0B6 /* Foundation.framework */; };
		41A0E732183103CC003ED0B6 /* CoreGraphics.framework in Frameworks */ = {isa = PBXBuildFile; fileRef = 41A0E731183103CC003ED0B6 /* CoreGraphics.framework */; };
		41A0E734183103CC003ED0B6 /* UIKit.framework in Frameworks */ = {isa = PBXBuildFile; fileRef = 41A0E733183103CC003ED0B6 /* UIKit.framework */; };
		41A0E73A183103CC003ED0B6 /* InfoPlist.strings in Resources */ = {isa = PBXBuildFile; fileRef = 41A0E738183103CC003ED0B6 /* InfoPlist.strings */; };
		41A0E73C183103CC003ED0B6 /* main.m in Sources */ = {isa = PBXBuildFile; fileRef = 41A0E73B183103CC003ED0B6 /* main.m */; };
		41A0E740183103CC003ED0B6 /* AppDelegate.m in Sources */ = {isa = PBXBuildFile; fileRef = 41A0E73F183103CC003ED0B6 /* AppDelegate.m */; };
		41A0E743183103CC003ED0B6 /* Main.storyboard in Resources */ = {isa = PBXBuildFile; fileRef = 41A0E741183103CC003ED0B6 /* Main.storyboard */; };
		41A0E746183103CC003ED0B6 /* ViewController.m in Sources */ = {isa = PBXBuildFile; fileRef = 41A0E745183103CC003ED0B6 /* ViewController.m */; };
		41A0E748183103CC003ED0B6 /* Images.xcassets in Resources */ = {isa = PBXBuildFile; fileRef = 41A0E747183103CC003ED0B6 /* Images.xcassets */; };
		41A0E74F183103CC003ED0B6 /* XCTest.framework in Frameworks */ = {isa = PBXBuildFile; fileRef = 41A0E74E183103CC003ED0B6 /* XCTest.framework */; };
		41A0E750183103CC003ED0B6 /* Foundation.framework in Frameworks */ = {isa = PBXBuildFile; fileRef = 41A0E72F183103CC003ED0B6 /* Foundation.framework */; };
		41A0E751183103CC003ED0B6 /* UIKit.framework in Frameworks */ = {isa = PBXBuildFile; fileRef = 41A0E733183103CC003ED0B6 /* UIKit.framework */; };
		41A0E759183103CC003ED0B6 /* InfoPlist.strings in Resources */ = {isa = PBXBuildFile; fileRef = 41A0E757183103CC003ED0B6 /* InfoPlist.strings */; };
		41A0E75B183103CC003ED0B6 /* GoldivaTests.m in Sources */ = {isa = PBXBuildFile; fileRef = 41A0E75A183103CC003ED0B6 /* GoldivaTests.m */; };
/* End PBXBuildFile section */

/* Begin PBXContainerItemProxy section */
		41A0E752183103CC003ED0B6 /* PBXContainerItemProxy */ = {
			isa = PBXContainerItemProxy;
			containerPortal = 41A0E724183103CC003ED0B6 /* Project object */;
			proxyType = 1;
			remoteGlobalIDString = 41A0E72B183103CC003ED0B6;
			remoteInfo = Goldiva;
		};
/* End PBXContainerItemProxy section */

/* Begin PBXFileReference section */
		41A0E72C183103CC003ED0B6 /* Goldiva.app */ = {isa = PBXFileReference; explicitFileType = wrapper.application; includeInIndex = 0; path = Goldiva.app; sourceTree = BUILT_PRODUCTS_DIR; };
		41A0E72F183103CC003ED0B6 /* Foundation.framework */ = {isa = PBXFileReference; lastKnownFileType = wrapper.framework; name = Foundation.framework; path = System/Library/Frameworks/Foundation.framework; sourceTree = SDKROOT; };
		41A0E731183103CC003ED0B6 /* CoreGraphics.framework */ = {isa = PBXFileReference; lastKnownFileType = wrapper.framework; name = CoreGraphics.framework; path = System/Library/Frameworks/CoreGraphics.framework; sourceTree = SDKROOT; };
		41A0E733183103CC003ED0B6 /* UIKit.framework */ = {isa = PBXFileReference; lastKnownFileType = wrapper.framework; name = UIKit.framework; path = System/Library/Frameworks/UIKit.framework; sourceTree = SDKROOT; };
		41A0E737183103CC003ED0B6 /* Goldiva-Info.plist */ = {isa = PBXFileReference; lastKnownFileType = text.plist.xml; path = "Goldiva-Info.plist"; sourceTree = "<group>"; };
		41A0E739183103CC003ED0B6 /* en */ = {isa = PBXFileReference; lastKnownFileType = text.plist.strings; name = en; path = en.lproj/InfoPlist.strings; sourceTree = "<group>"; };
		41A0E73B183103CC003ED0B6 /* main.m */ = {isa = PBXFileReference; lastKnownFileType = sourcecode.c.objc; path = main.m; sourceTree = "<group>"; };
		41A0E73D183103CC003ED0B6 /* Goldiva-Prefix.pch */ = {isa = PBXFileReference; lastKnownFileType = sourcecode.c.h; path = "Goldiva-Prefix.pch"; sourceTree = "<group>"; };
		41A0E73E183103CC003ED0B6 /* AppDelegate.h */ = {isa = PBXFileReference; lastKnownFileType = sourcecode.c.h; path = AppDelegate.h; sourceTree = "<group>"; };
		41A0E73F183103CC003ED0B6 /* AppDelegate.m */ = {isa = PBXFileReference; lastKnownFileType = sourcecode.c.objc; path = AppDelegate.m; sourceTree = "<group>"; };
		41A0E742183103CC003ED0B6 /* Base */ = {isa = PBXFileReference; lastKnownFileType = file.storyboard; name = Base; path = Base.lproj/Main.storyboard; sourceTree = "<group>"; };
		41A0E744183103CC003ED0B6 /* ViewController.h */ = {isa = PBXFileReference; lastKnownFileType = sourcecode.c.h; path = ViewController.h; sourceTree = "<group>"; };
		41A0E745183103CC003ED0B6 /* ViewController.m */ = {isa = PBXFileReference; lastKnownFileType = sourcecode.c.objc; path = ViewController.m; sourceTree = "<group>"; };
		41A0E747183103CC003ED0B6 /* Images.xcassets */ = {isa = PBXFileReference; lastKnownFileType = folder.assetcatalog; path = Images.xcassets; sourceTree = "<group>"; };
		41A0E74D183103CC003ED0B6 /* GoldivaTests.xctest */ = {isa = PBXFileReference; explicitFileType = wrapper.cfbundle; includeInIndex = 0; path = GoldivaTests.xctest; sourceTree = BUILT_PRODUCTS_DIR; };
		41A0E74E183103CC003ED0B6 /* XCTest.framework */ = {isa = PBXFileReference; lastKnownFileType = wrapper.framework; name = XCTest.framework; path = Library/Frameworks/XCTest.framework; sourceTree = DEVELOPER_DIR; };
		41A0E756183103CC003ED0B6 /* GoldivaTests-Info.plist */ = {isa = PBXFileReference; lastKnownFileType = text.plist.xml; path = "GoldivaTests-Info.plist"; sourceTree = "<group>"; };
		41A0E758183103CC003ED0B6 /* en */ = {isa = PBXFileReference; lastKnownFileType = text.plist.strings; name = en; path = en.lproj/InfoPlist.strings; sourceTree = "<group>"; };
		41A0E75A183103CC003ED0B6 /* GoldivaTests.m */ = {isa = PBXFileReference; lastKnownFileType = sourcecode.c.objc; path = GoldivaTests.m; sourceTree = "<group>"; };
/* End PBXFileReference section */

/* Begin PBXFrameworksBuildPhase section */
		41A0E729183103CC003ED0B6 /* Frameworks */ = {
			isa = PBXFrameworksBuildPhase;
			buildActionMask = 2147483647;
			files = (
				41A0E732183103CC003ED0B6 /* CoreGraphics.framework in Frameworks */,
				41A0E734183103CC003ED0B6 /* UIKit.framework in Frameworks */,
				41A0E730183103CC003ED0B6 /* Foundation.framework in Frameworks */,
			);
			runOnlyForDeploymentPostprocessing = 0;
		};
		41A0E74A183103CC003ED0B6 /* Frameworks */ = {
			isa = PBXFrameworksBuildPhase;
			buildActionMask = 2147483647;
			files = (
				41A0E74F183103CC003ED0B6 /* XCTest.framework in Frameworks */,
				41A0E751183103CC003ED0B6 /* UIKit.framework in Frameworks */,
				41A0E750183103CC003ED0B6 /* Foundation.framework in Frameworks */,
			);
			runOnlyForDeploymentPostprocessing = 0;
		};
/* End PBXFrameworksBuildPhase section */

/* Begin PBXGroup section */
		41A0E723183103CC003ED0B6 = {
			isa = PBXGroup;
			children = (
				41A0E735183103CC003ED0B6 /* Goldiva */,
				41A0E754183103CC003ED0B6 /* GoldivaTests */,
				41A0E72E183103CC003ED0B6 /* Frameworks */,
				41A0E72D183103CC003ED0B6 /* Products */,
			);
			sourceTree = "<group>";
		};
		41A0E72D183103CC003ED0B6 /* Products */ = {
			isa = PBXGroup;
			children = (
				41A0E72C183103CC003ED0B6 /* Goldiva.app */,
				41A0E74D183103CC003ED0B6 /* GoldivaTests.xctest */,
			);
			name = Products;
			sourceTree = "<group>";
		};
		41A0E72E183103CC003ED0B6 /* Frameworks */ = {
			isa = PBXGroup;
			children = (
				41A0E72F183103CC003ED0B6 /* Foundation.framework */,
				41A0E731183103CC003ED0B6 /* CoreGraphics.framework */,
				41A0E733183103CC003ED0B6 /* UIKit.framework */,
				41A0E74E183103CC003ED0B6 /* XCTest.framework */,
			);
			name = Frameworks;
			sourceTree = "<group>";
		};
		41A0E735183103CC003ED0B6 /* Goldiva */ = {
			isa = PBXGroup;
			children = (
				41A0E73E183103CC003ED0B6 /* AppDelegate.h */,
				41A0E73F183103CC003ED0B6 /* AppDelegate.m */,
				41A0E741183103CC003ED0B6 /* Main.storyboard */,
				41A0E744183103CC003ED0B6 /* ViewController.h */,
				41A0E745183103CC003ED0B6 /* ViewController.m */,
				41A0E747183103CC003ED0B6 /* Images.xcassets */,
				41A0E736183103CC003ED0B6 /* Supporting Files */,
			);
			path = Goldiva;
			sourceTree = "<group>";
		};
		41A0E736183103CC003ED0B6 /* Supporting Files */ = {
			isa = PBXGroup;
			children = (
				41A0E737183103CC003ED0B6 /* Goldiva-Info.plist */,
				41A0E738183103CC003ED0B6 /* InfoPlist.strings */,
				41A0E73B183103CC003ED0B6 /* main.m */,
				41A0E73D183103CC003ED0B6 /* Goldiva-Prefix.pch */,
			);
			name = "Supporting Files";
			sourceTree = "<group>";
		};
		41A0E754183103CC003ED0B6 /* GoldivaTests */ = {
			isa = PBXGroup;
			children = (
				41A0E75A183103CC003ED0B6 /* GoldivaTests.m */,
				41A0E755183103CC003ED0B6 /* Supporting Files */,
			);
			path = GoldivaTests;
			sourceTree = "<group>";
		};
		41A0E755183103CC003ED0B6 /* Supporting Files */ = {
			isa = PBXGroup;
			children = (
				41A0E756183103CC003ED0B6 /* GoldivaTests-Info.plist */,
				41A0E757183103CC003ED0B6 /* InfoPlist.strings */,
			);
			name = "Supporting Files";
			sourceTree = "<group>";
		};
/* End PBXGroup section */

/* Begin PBXNativeTarget section */
		41A0E72B183103CC003ED0B6 /* Goldiva */ = {
			isa = PBXNativeTarget;
			buildConfigurationList = 41A0E75E183103CC003ED0B6 /* Build configuration list for PBXNativeTarget "Goldiva" */;
			buildPhases = (
				41A0E728183103CC003ED0B6 /* Sources */,
				41A0E729183103CC003ED0B6 /* Frameworks */,
				41A0E72A183103CC003ED0B6 /* Resources */,
			);
			buildRules = (
			);
			dependencies = (
			);
			name = Goldiva;
			productName = Goldiva;
			productReference = 41A0E72C183103CC003ED0B6 /* Goldiva.app */;
			productType = "com.apple.product-type.application";
		};
		41A0E74C183103CC003ED0B6 /* GoldivaTests */ = {
			isa = PBXNativeTarget;
			buildConfigurationList = 41A0E761183103CC003ED0B6 /* Build configuration list for PBXNativeTarget "GoldivaTests" */;
			buildPhases = (
				41A0E749183103CC003ED0B6 /* Sources */,
				41A0E74A183103CC003ED0B6 /* Frameworks */,
				41A0E74B183103CC003ED0B6 /* Resources */,
			);
			buildRules = (
			);
			dependencies = (
				41A0E753183103CC003ED0B6 /* PBXTargetDependency */,
			);
			name = GoldivaTests;
			productName = GoldivaTests;
			productReference = 41A0E74D183103CC003ED0B6 /* GoldivaTests.xctest */;
			productType = "com.apple.product-type.bundle.unit-test";
		};
/* End PBXNativeTarget section */

/* Begin PBXProject section */
		41A0E724183103CC003ED0B6 /* Project object */ = {
			isa = PBXProject;
			attributes = {
				LastUpgradeCheck = 0500;
				ORGANIZATIONNAME = "mulodo inc.";
				TargetAttributes = {
					41A0E74C183103CC003ED0B6 = {
						TestTargetID = 41A0E72B183103CC003ED0B6;
					};
				};
			};
			buildConfigurationList = 41A0E727183103CC003ED0B6 /* Build configuration list for PBXProject "Goldiva" */;
			compatibilityVersion = "Xcode 3.2";
			developmentRegion = English;
			hasScannedForEncodings = 0;
			knownRegions = (
				en,
				Base,
			);
			mainGroup = 41A0E723183103CC003ED0B6;
			productRefGroup = 41A0E72D183103CC003ED0B6 /* Products */;
			projectDirPath = "";
			projectRoot = "";
			targets = (
				41A0E72B183103CC003ED0B6 /* Goldiva */,
				41A0E74C183103CC003ED0B6 /* GoldivaTests */,
			);
		};
/* End PBXProject section */

/* Begin PBXResourcesBuildPhase section */
		41A0E72A183103CC003ED0B6 /* Resources */ = {
			isa = PBXResourcesBuildPhase;
			buildActionMask = 2147483647;
			files = (
				41A0E748183103CC003ED0B6 /* Images.xcassets in Resources */,
				41A0E73A183103CC003ED0B6 /* InfoPlist.strings in Resources */,
				41A0E743183103CC003ED0B6 /* Main.storyboard in Resources */,
			);
			runOnlyForDeploymentPostprocessing = 0;
		};
		41A0E74B183103CC003ED0B6 /* Resources */ = {
			isa = PBXResourcesBuildPhase;
			buildActionMask = 2147483647;
			files = (
				41A0E759183103CC003ED0B6 /* InfoPlist.strings in Resources */,
			);
			runOnlyForDeploymentPostprocessing = 0;
		};
/* End PBXResourcesBuildPhase section */

/* Begin PBXSourcesBuildPhase section */
		41A0E728183103CC003ED0B6 /* Sources */ = {
			isa = PBXSourcesBuildPhase;
			buildActionMask = 2147483647;
			files = (
				41A0E746183103CC003ED0B6 /* ViewController.m in Sources */,
				41A0E740183103CC003ED0B6 /* AppDelegate.m in Sources */,
				41A0E73C183103CC003ED0B6 /* main.m in Sources */,
			);
			runOnlyForDeploymentPostprocessing = 0;
		};
		41A0E749183103CC003ED0B6 /* Sources */ = {
			isa = PBXSourcesBuildPhase;
			buildActionMask = 2147483647;
			files = (
				41A0E75B183103CC003ED0B6 /* GoldivaTests.m in Sources */,
			);
			runOnlyForDeploymentPostprocessing = 0;
		};
/* End PBXSourcesBuildPhase section */

/* Begin PBXTargetDependency section */
		41A0E753183103CC003ED0B6 /* PBXTargetDependency */ = {
			isa = PBXTargetDependency;
			target = 41A0E72B183103CC003ED0B6 /* Goldiva */;
			targetProxy = 41A0E752183103CC003ED0B6 /* PBXContainerItemProxy */;
		};
/* End PBXTargetDependency section */

/* Begin PBXVariantGroup section */
		41A0E738183103CC003ED0B6 /* InfoPlist.strings */ = {
			isa = PBXVariantGroup;
			children = (
				41A0E739183103CC003ED0B6 /* en */,
			);
			name = InfoPlist.strings;
			sourceTree = "<group>";
		};
		41A0E741183103CC003ED0B6 /* Main.storyboard */ = {
			isa = PBXVariantGroup;
			children = (
				41A0E742183103CC003ED0B6 /* Base */,
			);
			name = Main.storyboard;
			sourceTree = "<group>";
		};
		41A0E757183103CC003ED0B6 /* InfoPlist.strings */ = {
			isa = PBXVariantGroup;
			children = (
				41A0E758183103CC003ED0B6 /* en */,
			);
			name = InfoPlist.strings;
			sourceTree = "<group>";
		};
/* End PBXVariantGroup section */

/* Begin XCBuildConfiguration section */
		41A0E75C183103CC003ED0B6 /* Debug */ = {
			isa = XCBuildConfiguration;
			buildSettings = {
				ALWAYS_SEARCH_USER_PATHS = NO;
				ARCHS = "$(ARCHS_STANDARD_INCLUDING_64_BIT)";
				CLANG_CXX_LANGUAGE_STANDARD = "gnu++0x";
				CLANG_CXX_LIBRARY = "libc++";
				CLANG_ENABLE_MODULES = YES;
				CLANG_ENABLE_OBJC_ARC = YES;
				CLANG_WARN_BOOL_CONVERSION = YES;
				CLANG_WARN_CONSTANT_CONVERSION = YES;
				CLANG_WARN_DIRECT_OBJC_ISA_USAGE = YES_ERROR;
				CLANG_WARN_EMPTY_BODY = YES;
				CLANG_WARN_ENUM_CONVERSION = YES;
				CLANG_WARN_INT_CONVERSION = YES;
				CLANG_WARN_OBJC_ROOT_CLASS = YES_ERROR;
				CLANG_WARN__DUPLICATE_METHOD_MATCH = YES;
				"CODE_SIGN_IDENTITY[sdk=iphoneos*]" = "iPhone Developer";
				COPY_PHASE_STRIP = NO;
				GCC_C_LANGUAGE_STANDARD = gnu99;
				GCC_DYNAMIC_NO_PIC = NO;
				GCC_OPTIMIZATION_LEVEL = 0;
				GCC_PREPROCESSOR_DEFINITIONS = (
					"DEBUG=1",
					"$(inherited)",
				);
				GCC_SYMBOLS_PRIVATE_EXTERN = NO;
				GCC_WARN_64_TO_32_BIT_CONVERSION = YES;
				GCC_WARN_ABOUT_RETURN_TYPE = YES_ERROR;
				GCC_WARN_UNDECLARED_SELECTOR = YES;
				GCC_WARN_UNINITIALIZED_AUTOS = YES;
				GCC_WARN_UNUSED_FUNCTION = YES;
				GCC_WARN_UNUSED_VARIABLE = YES;
				IPHONEOS_DEPLOYMENT_TARGET = 7.0;
				ONLY_ACTIVE_ARCH = YES;
				SDKROOT = iphoneos;
			};
			name = Debug;
		};
		41A0E75D183103CC003ED0B6 /* Release */ = {
			isa = XCBuildConfiguration;
			buildSettings = {
				ALWAYS_SEARCH_USER_PATHS = NO;
				ARCHS = "$(ARCHS_STANDARD_INCLUDING_64_BIT)";
				CLANG_CXX_LANGUAGE_STANDARD = "gnu++0x";
				CLANG_CXX_LIBRARY = "libc++";
				CLANG_ENABLE_MODULES = YES;
				CLANG_ENABLE_OBJC_ARC = YES;
				CLANG_WARN_BOOL_CONVERSION = YES;
				CLANG_WARN_CONSTANT_CONVERSION = YES;
				CLANG_WARN_DIRECT_OBJC_ISA_USAGE = YES_ERROR;
				CLANG_WARN_EMPTY_BODY = YES;
				CLANG_WARN_ENUM_CONVERSION = YES;
				CLANG_WARN_INT_CONVERSION = YES;
				CLANG_WARN_OBJC_ROOT_CLASS = YES_ERROR;
				CLANG_WARN__DUPLICATE_METHOD_MATCH = YES;
				"CODE_SIGN_IDENTITY[sdk=iphoneos*]" = "iPhone Developer";
				COPY_PHASE_STRIP = YES;
				ENABLE_NS_ASSERTIONS = NO;
				GCC_C_LANGUAGE_STANDARD = gnu99;
				GCC_WARN_64_TO_32_BIT_CONVERSION = YES;
				GCC_WARN_ABOUT_RETURN_TYPE = YES_ERROR;
				GCC_WARN_UNDECLARED_SELECTOR = YES;
				GCC_WARN_UNINITIALIZED_AUTOS = YES;
				GCC_WARN_UNUSED_FUNCTION = YES;
				GCC_WARN_UNUSED_VARIABLE = YES;
				IPHONEOS_DEPLOYMENT_TARGET = 7.0;
				SDKROOT = iphoneos;
				VALIDATE_PRODUCT = YES;
			};
			name = Release;
		};
		41A0E75F183103CC003ED0B6 /* Debug */ = {
			isa = XCBuildConfiguration;
			buildSettings = {
				ASSETCATALOG_COMPILER_APPICON_NAME = AppIcon;
				ASSETCATALOG_COMPILER_LAUNCHIMAGE_NAME = LaunchImage;
				GCC_PRECOMPILE_PREFIX_HEADER = YES;
				GCC_PREFIX_HEADER = "Goldiva/Goldiva-Prefix.pch";
				INFOPLIST_FILE = "Goldiva/Goldiva-Info.plist";
				PRODUCT_NAME = "$(TARGET_NAME)";
				WRAPPER_EXTENSION = app;
			};
			name = Debug;
		};
		41A0E760183103CC003ED0B6 /* Release */ = {
			isa = XCBuildConfiguration;
			buildSettings = {
				ASSETCATALOG_COMPILER_APPICON_NAME = AppIcon;
				ASSETCATALOG_COMPILER_LAUNCHIMAGE_NAME = LaunchImage;
				GCC_PRECOMPILE_PREFIX_HEADER = YES;
				GCC_PREFIX_HEADER = "Goldiva/Goldiva-Prefix.pch";
				INFOPLIST_FILE = "Goldiva/Goldiva-Info.plist";
				PRODUCT_NAME = "$(TARGET_NAME)";
				WRAPPER_EXTENSION = app;
			};
			name = Release;
		};
		41A0E762183103CC003ED0B6 /* Debug */ = {
			isa = XCBuildConfiguration;
			buildSettings = {
				ARCHS = "$(ARCHS_STANDARD_INCLUDING_64_BIT)";
				BUNDLE_LOADER = "$(BUILT_PRODUCTS_DIR)/Goldiva.app/Goldiva";
				FRAMEWORK_SEARCH_PATHS = (
					"$(SDKROOT)/Developer/Library/Frameworks",
					"$(inherited)",
					"$(DEVELOPER_FRAMEWORKS_DIR)",
				);
				GCC_PRECOMPILE_PREFIX_HEADER = YES;
				GCC_PREFIX_HEADER = "Goldiva/Goldiva-Prefix.pch";
				GCC_PREPROCESSOR_DEFINITIONS = (
					"DEBUG=1",
					"$(inherited)",
				);
				INFOPLIST_FILE = "GoldivaTests/GoldivaTests-Info.plist";
				PRODUCT_NAME = "$(TARGET_NAME)";
				TEST_HOST = "$(BUNDLE_LOADER)";
				WRAPPER_EXTENSION = xctest;
			};
			name = Debug;
		};
		41A0E763183103CC003ED0B6 /* Release */ = {
			isa = XCBuildConfiguration;
			buildSettings = {
				ARCHS = "$(ARCHS_STANDARD_INCLUDING_64_BIT)";
				BUNDLE_LOADER = "$(BUILT_PRODUCTS_DIR)/Goldiva.app/Goldiva";
				FRAMEWORK_SEARCH_PATHS = (
					"$(SDKROOT)/Developer/Library/Frameworks",
					"$(inherited)",
					"$(DEVELOPER_FRAMEWORKS_DIR)",
				);
				GCC_PRECOMPILE_PREFIX_HEADER = YES;
				GCC_PREFIX_HEADER = "Goldiva/Goldiva-Prefix.pch";
				INFOPLIST_FILE = "GoldivaTests/GoldivaTests-Info.plist";
				PRODUCT_NAME = "$(TARGET_NAME)";
				TEST_HOST = "$(BUNDLE_LOADER)";
				WRAPPER_EXTENSION = xctest;
			};
			name = Release;
		};
/* End XCBuildConfiguration section */

/* Begin XCConfigurationList section */
		41A0E727183103CC003ED0B6 /* Build configuration list for PBXProject "Goldiva" */ = {
			isa = XCConfigurationList;
			buildConfigurations = (
				41A0E75C183103CC003ED0B6 /* Debug */,
				41A0E75D183103CC003ED0B6 /* Release */,
			);
			defaultConfigurationIsVisible = 0;
			defaultConfigurationName = Release;
		};
		41A0E75E183103CC003ED0B6 /* Build configuration list for PBXNativeTarget "Goldiva" */ = {
			isa = XCConfigurationList;
			buildConfigurations = (
				41A0E75F183103CC003ED0B6 /* Debug */,
				41A0E760183103CC003ED0B6 /* Release */,
			);
			defaultConfigurationIsVisible = 0;
		};
		41A0E761183103CC003ED0B6 /* Build configuration list for PBXNativeTarget "GoldivaTests" */ = {
			isa = XCConfigurationList;
			buildConfigurations = (
				41A0E762183103CC003ED0B6 /* Debug */,
				41A0E763183103CC003ED0B6 /* Release */,
			);
			defaultConfigurationIsVisible = 0;
		};
/* End XCConfigurationList section */
	};
	rootObject = 41A0E724183103CC003ED0B6 /* Project object */;
}
